// !$*UTF8*$!
{
	archiveVersion = 1;
	classes = {
	};
	objectVersion = 46;
	objects = {

/* Begin PBXBuildFile section */
		6884904A1A6CA0F000115F4F /* AppDelegate.swift in Sources */ = {isa = PBXBuildFile; fileRef = 688490491A6CA0F000115F4F /* AppDelegate.swift */; };
		6884904D1A6CA0F000115F4F /* ExchangeAGram.xcdatamodeld in Sources */ = {isa = PBXBuildFile; fileRef = 6884904B1A6CA0F000115F4F /* ExchangeAGram.xcdatamodeld */; };
		688490521A6CA0F000115F4F /* Main.storyboard in Resources */ = {isa = PBXBuildFile; fileRef = 688490501A6CA0F000115F4F /* Main.storyboard */; };
		688490541A6CA0F000115F4F /* Images.xcassets in Resources */ = {isa = PBXBuildFile; fileRef = 688490531A6CA0F000115F4F /* Images.xcassets */; };
		688490571A6CA0F000115F4F /* LaunchScreen.xib in Resources */ = {isa = PBXBuildFile; fileRef = 688490551A6CA0F000115F4F /* LaunchScreen.xib */; };
		688490631A6CA0F000115F4F /* ExchangeAGramTests.swift in Sources */ = {isa = PBXBuildFile; fileRef = 688490621A6CA0F000115F4F /* ExchangeAGramTests.swift */; };
		6884906F1A6CA44200115F4F /* FeedViewController.swift in Sources */ = {isa = PBXBuildFile; fileRef = 6884906E1A6CA44200115F4F /* FeedViewController.swift */; };
		68AACACB1A6CA701007D14B5 /* FeedCell.swift in Sources */ = {isa = PBXBuildFile; fileRef = 68AACACA1A6CA701007D14B5 /* FeedCell.swift */; };
		68AACACD1A6CA884007D14B5 /* MobileCoreServices.framework in Frameworks */ = {isa = PBXBuildFile; fileRef = 68AACACC1A6CA884007D14B5 /* MobileCoreServices.framework */; };
		68AACACF1A6CABDF007D14B5 /* FeedItem.swift in Sources */ = {isa = PBXBuildFile; fileRef = 68AACACE1A6CABDF007D14B5 /* FeedItem.swift */; };
/* End PBXBuildFile section */

/* Begin PBXContainerItemProxy section */
		6884905D1A6CA0F000115F4F /* PBXContainerItemProxy */ = {
			isa = PBXContainerItemProxy;
			containerPortal = 6884903C1A6CA0F000115F4F /* Project object */;
			proxyType = 1;
			remoteGlobalIDString = 688490431A6CA0F000115F4F;
			remoteInfo = ExchangeAGram;
		};
/* End PBXContainerItemProxy section */

/* Begin PBXFileReference section */
		688490441A6CA0F000115F4F /* ExchangeAGram.app */ = {isa = PBXFileReference; explicitFileType = wrapper.application; includeInIndex = 0; path = ExchangeAGram.app; sourceTree = BUILT_PRODUCTS_DIR; };
		688490481A6CA0F000115F4F /* Info.plist */ = {isa = PBXFileReference; lastKnownFileType = text.plist.xml; path = Info.plist; sourceTree = "<group>"; };
		688490491A6CA0F000115F4F /* AppDelegate.swift */ = {isa = PBXFileReference; lastKnownFileType = sourcecode.swift; path = AppDelegate.swift; sourceTree = "<group>"; };
		6884904C1A6CA0F000115F4F /* ExchangeAGram.xcdatamodel */ = {isa = PBXFileReference; lastKnownFileType = wrapper.xcdatamodel; path = ExchangeAGram.xcdatamodel; sourceTree = "<group>"; };
		688490511A6CA0F000115F4F /* Base */ = {isa = PBXFileReference; lastKnownFileType = file.storyboard; name = Base; path = Base.lproj/Main.storyboard; sourceTree = "<group>"; };
		688490531A6CA0F000115F4F /* Images.xcassets */ = {isa = PBXFileReference; lastKnownFileType = folder.assetcatalog; path = Images.xcassets; sourceTree = "<group>"; };
		688490561A6CA0F000115F4F /* Base */ = {isa = PBXFileReference; lastKnownFileType = file.xib; name = Base; path = Base.lproj/LaunchScreen.xib; sourceTree = "<group>"; };
		6884905C1A6CA0F000115F4F /* ExchangeAGramTests.xctest */ = {isa = PBXFileReference; explicitFileType = wrapper.cfbundle; includeInIndex = 0; path = ExchangeAGramTests.xctest; sourceTree = BUILT_PRODUCTS_DIR; };
		688490611A6CA0F000115F4F /* Info.plist */ = {isa = PBXFileReference; lastKnownFileType = text.plist.xml; path = Info.plist; sourceTree = "<group>"; };
		688490621A6CA0F000115F4F /* ExchangeAGramTests.swift */ = {isa = PBXFileReference; lastKnownFileType = sourcecode.swift; path = ExchangeAGramTests.swift; sourceTree = "<group>"; };
		6884906E1A6CA44200115F4F /* FeedViewController.swift */ = {isa = PBXFileReference; fileEncoding = 4; lastKnownFileType = sourcecode.swift; path = FeedViewController.swift; sourceTree = "<group>"; };
		68AACACA1A6CA701007D14B5 /* FeedCell.swift */ = {isa = PBXFileReference; fileEncoding = 4; lastKnownFileType = sourcecode.swift; path = FeedCell.swift; sourceTree = "<group>"; };
		68AACACC1A6CA884007D14B5 /* MobileCoreServices.framework */ = {isa = PBXFileReference; lastKnownFileType = wrapper.framework; name = MobileCoreServices.framework; path = System/Library/Frameworks/MobileCoreServices.framework; sourceTree = SDKROOT; };
		68AACACE1A6CABDF007D14B5 /* FeedItem.swift */ = {isa = PBXFileReference; fileEncoding = 4; lastKnownFileType = sourcecode.swift; path = FeedItem.swift; sourceTree = "<group>"; };
/* End PBXFileReference section */

/* Begin PBXFrameworksBuildPhase section */
		688490411A6CA0F000115F4F /* Frameworks */ = {
			isa = PBXFrameworksBuildPhase;
			buildActionMask = 2147483647;
			files = (
				68AACACD1A6CA884007D14B5 /* MobileCoreServices.framework in Frameworks */,
			);
			runOnlyForDeploymentPostprocessing = 0;
		};
		688490591A6CA0F000115F4F /* Frameworks */ = {
			isa = PBXFrameworksBuildPhase;
			buildActionMask = 2147483647;
			files = (
			);
			runOnlyForDeploymentPostprocessing = 0;
		};
/* End PBXFrameworksBuildPhase section */

/* Begin PBXGroup section */
		6884903B1A6CA0F000115F4F = {
			isa = PBXGroup;
			children = (
				68AACACC1A6CA884007D14B5 /* MobileCoreServices.framework */,
				688490461A6CA0F000115F4F /* ExchangeAGram */,
				6884905F1A6CA0F000115F4F /* ExchangeAGramTests */,
				688490451A6CA0F000115F4F /* Products */,
			);
			sourceTree = "<group>";
		};
		688490451A6CA0F000115F4F /* Products */ = {
			isa = PBXGroup;
			children = (
				688490441A6CA0F000115F4F /* ExchangeAGram.app */,
				6884905C1A6CA0F000115F4F /* ExchangeAGramTests.xctest */,
			);
			name = Products;
			sourceTree = "<group>";
		};
		688490461A6CA0F000115F4F /* ExchangeAGram */ = {
			isa = PBXGroup;
			children = (
				688490491A6CA0F000115F4F /* AppDelegate.swift */,
				688490501A6CA0F000115F4F /* Main.storyboard */,
				6884906E1A6CA44200115F4F /* FeedViewController.swift */,
				68AACACA1A6CA701007D14B5 /* FeedCell.swift */,
				688490531A6CA0F000115F4F /* Images.xcassets */,
				688490551A6CA0F000115F4F /* LaunchScreen.xib */,
				6884904B1A6CA0F000115F4F /* ExchangeAGram.xcdatamodeld */,
				68AACACE1A6CABDF007D14B5 /* FeedItem.swift */,
				688490471A6CA0F000115F4F /* Supporting Files */,
			);
			path = ExchangeAGram;
			sourceTree = "<group>";
		};
		688490471A6CA0F000115F4F /* Supporting Files */ = {
			isa = PBXGroup;
			children = (
				688490481A6CA0F000115F4F /* Info.plist */,
			);
			name = "Supporting Files";
			sourceTree = "<group>";
		};
		6884905F1A6CA0F000115F4F /* ExchangeAGramTests */ = {
			isa = PBXGroup;
			children = (
				688490621A6CA0F000115F4F /* ExchangeAGramTests.swift */,
				688490601A6CA0F000115F4F /* Supporting Files */,
			);
			path = ExchangeAGramTests;
			sourceTree = "<group>";
		};
		688490601A6CA0F000115F4F /* Supporting Files */ = {
			isa = PBXGroup;
			children = (
				688490611A6CA0F000115F4F /* Info.plist */,
			);
			name = "Supporting Files";
			sourceTree = "<group>";
		};
/* End PBXGroup section */

/* Begin PBXNativeTarget section */
		688490431A6CA0F000115F4F /* ExchangeAGram */ = {
			isa = PBXNativeTarget;
			buildConfigurationList = 688490661A6CA0F000115F4F /* Build configuration list for PBXNativeTarget "ExchangeAGram" */;
			buildPhases = (
				688490401A6CA0F000115F4F /* Sources */,
				688490411A6CA0F000115F4F /* Frameworks */,
				688490421A6CA0F000115F4F /* Resources */,
			);
			buildRules = (
			);
			dependencies = (
			);
			name = ExchangeAGram;
			productName = ExchangeAGram;
			productReference = 688490441A6CA0F000115F4F /* ExchangeAGram.app */;
			productType = "com.apple.product-type.application";
		};
		6884905B1A6CA0F000115F4F /* ExchangeAGramTests */ = {
			isa = PBXNativeTarget;
			buildConfigurationList = 688490691A6CA0F000115F4F /* Build configuration list for PBXNativeTarget "ExchangeAGramTests" */;
			buildPhases = (
				688490581A6CA0F000115F4F /* Sources */,
				688490591A6CA0F000115F4F /* Frameworks */,
				6884905A1A6CA0F000115F4F /* Resources */,
			);
			buildRules = (
			);
			dependencies = (
				6884905E1A6CA0F000115F4F /* PBXTargetDependency */,
			);
			name = ExchangeAGramTests;
			productName = ExchangeAGramTests;
			productReference = 6884905C1A6CA0F000115F4F /* ExchangeAGramTests.xctest */;
			productType = "com.apple.product-type.bundle.unit-test";
		};
/* End PBXNativeTarget section */

/* Begin PBXProject section */
		6884903C1A6CA0F000115F4F /* Project object */ = {
			isa = PBXProject;
			attributes = {
				LastUpgradeCheck = 0610;
				ORGANIZATIONNAME = "Keenan Jaenicke";
				TargetAttributes = {
					688490431A6CA0F000115F4F = {
						CreatedOnToolsVersion = 6.1;
					};
					6884905B1A6CA0F000115F4F = {
						CreatedOnToolsVersion = 6.1;
						TestTargetID = 688490431A6CA0F000115F4F;
					};
				};
			};
			buildConfigurationList = 6884903F1A6CA0F000115F4F /* Build configuration list for PBXProject "ExchangeAGram" */;
			compatibilityVersion = "Xcode 3.2";
			developmentRegion = English;
			hasScannedForEncodings = 0;
			knownRegions = (
				en,
				Base,
			);
			mainGroup = 6884903B1A6CA0F000115F4F;
			productRefGroup = 688490451A6CA0F000115F4F /* Products */;
			projectDirPath = "";
			projectRoot = "";
			targets = (
				688490431A6CA0F000115F4F /* ExchangeAGram */,
				6884905B1A6CA0F000115F4F /* ExchangeAGramTests */,
			);
		};
/* End PBXProject section */

/* Begin PBXResourcesBuildPhase section */
		688490421A6CA0F000115F4F /* Resources */ = {
			isa = PBXResourcesBuildPhase;
			buildActionMask = 2147483647;
			files = (
				688490521A6CA0F000115F4F /* Main.storyboard in Resources */,
				688490571A6CA0F000115F4F /* LaunchScreen.xib in Resources */,
				688490541A6CA0F000115F4F /* Images.xcassets in Resources */,
			);
			runOnlyForDeploymentPostprocessing = 0;
		};
		6884905A1A6CA0F000115F4F /* Resources */ = {
			isa = PBXResourcesBuildPhase;
			buildActionMask = 2147483647;
			files = (
			);
			runOnlyForDeploymentPostprocessing = 0;
		};
/* End PBXResourcesBuildPhase section */

/* Begin PBXSourcesBuildPhase section */
		688490401A6CA0F000115F4F /* Sources */ = {
			isa = PBXSourcesBuildPhase;
			buildActionMask = 2147483647;
			files = (
				6884904A1A6CA0F000115F4F /* AppDelegate.swift in Sources */,
				68AACACB1A6CA701007D14B5 /* FeedCell.swift in Sources */,
				6884906F1A6CA44200115F4F /* FeedViewController.swift in Sources */,
				68AACACF1A6CABDF007D14B5 /* FeedItem.swift in Sources */,
				6884904D1A6CA0F000115F4F /* ExchangeAGram.xcdatamodeld in Sources */,
			);
			runOnlyForDeploymentPostprocessing = 0;
		};
		688490581A6CA0F000115F4F /* Sources */ = {
			isa = PBXSourcesBuildPhase;
			buildActionMask = 2147483647;
			files = (
				688490631A6CA0F000115F4F /* ExchangeAGramTests.swift in Sources */,
			);
			runOnlyForDeploymentPostprocessing = 0;
		};
/* End PBXSourcesBuildPhase section */

/* Begin PBXTargetDependency section */
		6884905E1A6CA0F000115F4F /* PBXTargetDependency */ = {
			isa = PBXTargetDependency;
			target = 688490431A6CA0F000115F4F /* ExchangeAGram */;
			targetProxy = 6884905D1A6CA0F000115F4F /* PBXContainerItemProxy */;
		};
/* End PBXTargetDependency section */

/* Begin PBXVariantGroup section */
		688490501A6CA0F000115F4F /* Main.storyboard */ = {
			isa = PBXVariantGroup;
			children = (
				688490511A6CA0F000115F4F /* Base */,
			);
			name = Main.storyboard;
			sourceTree = "<group>";
		};
		688490551A6CA0F000115F4F /* LaunchScreen.xib */ = {
			isa = PBXVariantGroup;
			children = (
				688490561A6CA0F000115F4F /* Base */,
			);
			name = LaunchScreen.xib;
			sourceTree = "<group>";
		};
/* End PBXVariantGroup section */

/* Begin XCBuildConfiguration section */
		688490641A6CA0F000115F4F /* Debug */ = {
			isa = XCBuildConfiguration;
			buildSettings = {
				ALWAYS_SEARCH_USER_PATHS = NO;
				CLANG_CXX_LANGUAGE_STANDARD = "gnu++0x";
				CLANG_CXX_LIBRARY = "libc++";
				CLANG_ENABLE_MODULES = YES;
				CLANG_ENABLE_OBJC_ARC = YES;
				CLANG_WARN_BOOL_CONVERSION = YES;
				CLANG_WARN_CONSTANT_CONVERSION = YES;
				CLANG_WARN_DIRECT_OBJC_ISA_USAGE = YES_ERROR;
				CLANG_WARN_EMPTY_BODY = YES;
				CLANG_WARN_ENUM_CONVERSION = YES;
				CLANG_WARN_INT_CONVERSION = YES;
				CLANG_WARN_OBJC_ROOT_CLASS = YES_ERROR;
				CLANG_WARN_UNREACHABLE_CODE = YES;
				CLANG_WARN__DUPLICATE_METHOD_MATCH = YES;
				"CODE_SIGN_IDENTITY[sdk=iphoneos*]" = "iPhone Developer";
				COPY_PHASE_STRIP = NO;
				ENABLE_STRICT_OBJC_MSGSEND = YES;
				GCC_C_LANGUAGE_STANDARD = gnu99;
				GCC_DYNAMIC_NO_PIC = NO;
				GCC_OPTIMIZATION_LEVEL = 0;
				GCC_PREPROCESSOR_DEFINITIONS = (
					"DEBUG=1",
					"$(inherited)",
				);
				GCC_SYMBOLS_PRIVATE_EXTERN = NO;
				GCC_WARN_64_TO_32_BIT_CONVERSION = YES;
				GCC_WARN_ABOUT_RETURN_TYPE = YES_ERROR;
				GCC_WARN_UNDECLARED_SELECTOR = YES;
				GCC_WARN_UNINITIALIZED_AUTOS = YES_AGGRESSIVE;
				GCC_WARN_UNUSED_FUNCTION = YES;
				GCC_WARN_UNUSED_VARIABLE = YES;
				IPHONEOS_DEPLOYMENT_TARGET = 8.1;
				MTL_ENABLE_DEBUG_INFO = YES;
				ONLY_ACTIVE_ARCH = YES;
				SDKROOT = iphoneos;
				SWIFT_OPTIMIZATION_LEVEL = "-Onone";
				TARGETED_DEVICE_FAMILY = "1,2";
			};
			name = Debug;
		};
		688490651A6CA0F000115F4F /* Release */ = {
			isa = XCBuildConfiguration;
			buildSettings = {
				ALWAYS_SEARCH_USER_PATHS = NO;
				CLANG_CXX_LANGUAGE_STANDARD = "gnu++0x";
				CLANG_CXX_LIBRARY = "libc++";
				CLANG_ENABLE_MODULES = YES;
				CLANG_ENABLE_OBJC_ARC = YES;
				CLANG_WARN_BOOL_CONVERSION = YES;
				CLANG_WARN_CONSTANT_CONVERSION = YES;
				CLANG_WARN_DIRECT_OBJC_ISA_USAGE = YES_ERROR;
				CLANG_WARN_EMPTY_BODY = YES;
				CLANG_WARN_ENUM_CONVERSION = YES;
				CLANG_WARN_INT_CONVERSION = YES;
				CLANG_WARN_OBJC_ROOT_CLASS = YES_ERROR;
				CLANG_WARN_UNREACHABLE_CODE = YES;
				CLANG_WARN__DUPLICATE_METHOD_MATCH = YES;
				"CODE_SIGN_IDENTITY[sdk=iphoneos*]" = "iPhone Developer";
				COPY_PHASE_STRIP = YES;
				ENABLE_NS_ASSERTIONS = NO;
				ENABLE_STRICT_OBJC_MSGSEND = YES;
				GCC_C_LANGUAGE_STANDARD = gnu99;
				GCC_WARN_64_TO_32_BIT_CONVERSION = YES;
				GCC_WARN_ABOUT_RETURN_TYPE = YES_ERROR;
				GCC_WARN_UNDECLARED_SELECTOR = YES;
				GCC_WARN_UNINITIALIZED_AUTOS = YES_AGGRESSIVE;
				GCC_WARN_UNUSED_FUNCTION = YES;
				GCC_WARN_UNUSED_VARIABLE = YES;
				IPHONEOS_DEPLOYMENT_TARGET = 8.1;
				MTL_ENABLE_DEBUG_INFO = NO;
				SDKROOT = iphoneos;
				TARGETED_DEVICE_FAMILY = "1,2";
				VALIDATE_PRODUCT = YES;
			};
			name = Release;
		};
		688490671A6CA0F000115F4F /* Debug */ = {
			isa = XCBuildConfiguration;
			buildSettings = {
				ASSETCATALOG_COMPILER_APPICON_NAME = AppIcon;
				INFOPLIST_FILE = ExchangeAGram/Info.plist;
				LD_RUNPATH_SEARCH_PATHS = "$(inherited) @executable_path/Frameworks";
				PRODUCT_NAME = "$(TARGET_NAME)";
			};
			name = Debug;
		};
		688490681A6CA0F000115F4F /* Release */ = {
			isa = XCBuildConfiguration;
			buildSettings = {
				ASSETCATALOG_COMPILER_APPICON_NAME = AppIcon;
				INFOPLIST_FILE = ExchangeAGram/Info.plist;
				LD_RUNPATH_SEARCH_PATHS = "$(inherited) @executable_path/Frameworks";
				PRODUCT_NAME = "$(TARGET_NAME)";
			};
			name = Release;
		};
		6884906A1A6CA0F000115F4F /* Debug */ = {
			isa = XCBuildConfiguration;
			buildSettings = {
				BUNDLE_LOADER = "$(TEST_HOST)";
				FRAMEWORK_SEARCH_PATHS = (
					"$(SDKROOT)/Developer/Library/Frameworks",
					"$(inherited)",
				);
				GCC_PREPROCESSOR_DEFINITIONS = (
					"DEBUG=1",
					"$(inherited)",
				);
				INFOPLIST_FILE = ExchangeAGramTests/Info.plist;
				LD_RUNPATH_SEARCH_PATHS = "$(inherited) @executable_path/Frameworks @loader_path/Frameworks";
				PRODUCT_NAME = "$(TARGET_NAME)";
				TEST_HOST = "$(BUILT_PRODUCTS_DIR)/ExchangeAGram.app/ExchangeAGram";
			};
			name = Debug;
		};
		6884906B1A6CA0F000115F4F /* Release */ = {
			isa = XCBuildConfiguration;
			buildSettings = {
				BUNDLE_LOADER = "$(TEST_HOST)";
				FRAMEWORK_SEARCH_PATHS = (
					"$(SDKROOT)/Developer/Library/Frameworks",
					"$(inherited)",
				);
				INFOPLIST_FILE = ExchangeAGramTests/Info.plist;
				LD_RUNPATH_SEARCH_PATHS = "$(inherited) @executable_path/Frameworks @loader_path/Frameworks";
				PRODUCT_NAME = "$(TARGET_NAME)";
				TEST_HOST = "$(BUILT_PRODUCTS_DIR)/ExchangeAGram.app/ExchangeAGram";
			};
			name = Release;
		};
/* End XCBuildConfiguration section */

/* Begin XCConfigurationList section */
		6884903F1A6CA0F000115F4F /* Build configuration list for PBXProject "ExchangeAGram" */ = {
			isa = XCConfigurationList;
			buildConfigurations = (
				688490641A6CA0F000115F4F /* Debug */,
				688490651A6CA0F000115F4F /* Release */,
			);
			defaultConfigurationIsVisible = 0;
			defaultConfigurationName = Release;
		};
		688490661A6CA0F000115F4F /* Build configuration list for PBXNativeTarget "ExchangeAGram" */ = {
			isa = XCConfigurationList;
			buildConfigurations = (
				688490671A6CA0F000115F4F /* Debug */,
				688490681A6CA0F000115F4F /* Release */,
			);
			defaultConfigurationIsVisible = 0;
			defaultConfigurationName = Release;
		};
		688490691A6CA0F000115F4F /* Build configuration list for PBXNativeTarget "ExchangeAGramTests" */ = {
			isa = XCConfigurationList;
			buildConfigurations = (
				6884906A1A6CA0F000115F4F /* Debug */,
				6884906B1A6CA0F000115F4F /* Release */,
			);
			defaultConfigurationIsVisible = 0;
			defaultConfigurationName = Release;
		};
/* End XCConfigurationList section */

/* Begin XCVersionGroup section */
		6884904B1A6CA0F000115F4F /* ExchangeAGram.xcdatamodeld */ = {
			isa = XCVersionGroup;
			children = (
				6884904C1A6CA0F000115F4F /* ExchangeAGram.xcdatamodel */,
			);
			currentVersion = 6884904C1A6CA0F000115F4F /* ExchangeAGram.xcdatamodel */;
			path = ExchangeAGram.xcdatamodeld;
			sourceTree = "<group>";
			versionGroupType = wrapper.xcdatamodel;
		};
/* End XCVersionGroup section */
	};
	rootObject = 6884903C1A6CA0F000115F4F /* Project object */;
}
